
Microsoft Visual Studio Solution File, Format Version 12.00
# Visual Studio 14
VisualStudioVersion = 14.0.25420.1
MinimumVisualStudioVersion = 10.0.40219.1
Project("{FAE04EC0-301F-11D3-BF4B-00C04F79EFBC}") = "CFOP", "CFOP\CFOP.csproj", "{E0D63F3A-67FD-4917-889E-7BB043919B71}"
EndProject
Project("{FAE04EC0-301F-11D3-BF4B-00C04F79EFBC}") = "CFOP.Infrastructure", "CFOP.Infrastructure\CFOP.Infrastructure.csproj", "{8B2A352B-A57B-4B9D-88F1-1B746070E1B2}"
EndProject
Project("{FAE04EC0-301F-11D3-BF4B-00C04F79EFBC}") = "CFOP.External.Calendar.Google", "CFOP.External.Calendar.Google\CFOP.External.Calendar.Google.csproj", "{031B2844-B23E-4803-80E0-82591A086E41}"
EndProject
Project("{FAE04EC0-301F-11D3-BF4B-00C04F79EFBC}") = "CFOP.Service", "CFOP.Service\CFOP.Service.csproj", "{5607E474-0048-4E9F-B1D8-FEC492B6F35A}"
EndProject
Project("{2150E333-8FDC-42A3-9474-1A3956D46DE8}") = "UI", "UI", "{2D076637-F460-4139-B7F8-FBAF88435FC6}"
EndProject
Project("{2150E333-8FDC-42A3-9474-1A3956D46DE8}") = "Facade", "Facade", "{EB4E4E7B-7321-49B8-A143-AACCF72C6A44}"
EndProject
Project("{2150E333-8FDC-42A3-9474-1A3956D46DE8}") = "Infrastructure", "Infrastructure", "{BD90BD0A-0FF8-4594-81DA-303F119AD4E9}"
EndProject
Project("{FAE04EC0-301F-11D3-BF4B-00C04F79EFBC}") = "CFOP.External.Video.Skype", "CFOP.External.Video.Skype\CFOP.External.Video.Skype.csproj", "{83E159CD-C362-4565-8633-E48B5DE3E7B1}"
EndProject
Project("{FAE04EC0-301F-11D3-BF4B-00C04F79EFBC}") = "CFOP.Repository", "CFOP.Repository\CFOP.Repository.csproj", "{01B79915-F50D-4339-B355-0BB901BC0AEF}"
EndProject
Global
	GlobalSection(SolutionConfigurationPlatforms) = preSolution
		Debug|Any CPU = Debug|Any CPU
		Debug|x86 = Debug|x86
		Release|Any CPU = Release|Any CPU
		Release|x86 = Release|x86
	EndGlobalSection
	GlobalSection(ProjectConfigurationPlatforms) = postSolution
		{E0D63F3A-67FD-4917-889E-7BB043919B71}.Debug|Any CPU.ActiveCfg = Debug|Any CPU
		{E0D63F3A-67FD-4917-889E-7BB043919B71}.Debug|Any CPU.Build.0 = Debug|Any CPU
		{E0D63F3A-67FD-4917-889E-7BB043919B71}.Debug|x86.ActiveCfg = Debug|x86
		{E0D63F3A-67FD-4917-889E-7BB043919B71}.Debug|x86.Build.0 = Debug|x86
		{E0D63F3A-67FD-4917-889E-7BB043919B71}.Release|Any CPU.ActiveCfg = Release|Any CPU
		{E0D63F3A-67FD-4917-889E-7BB043919B71}.Release|Any CPU.Build.0 = Release|Any CPU
		{E0D63F3A-67FD-4917-889E-7BB043919B71}.Release|x86.ActiveCfg = Release|x86
		{E0D63F3A-67FD-4917-889E-7BB043919B71}.Release|x86.Build.0 = Release|x86
		{8B2A352B-A57B-4B9D-88F1-1B746070E1B2}.Debug|Any CPU.ActiveCfg = Debug|Any CPU
		{8B2A352B-A57B-4B9D-88F1-1B746070E1B2}.Debug|Any CPU.Build.0 = Debug|Any CPU
		{8B2A352B-A57B-4B9D-88F1-1B746070E1B2}.Debug|x86.ActiveCfg = Debug|x86
		{8B2A352B-A57B-4B9D-88F1-1B746070E1B2}.Debug|x86.Build.0 = Debug|x86
		{8B2A352B-A57B-4B9D-88F1-1B746070E1B2}.Release|Any CPU.ActiveCfg = Release|Any CPU
		{8B2A352B-A57B-4B9D-88F1-1B746070E1B2}.Release|Any CPU.Build.0 = Release|Any CPU
		{8B2A352B-A57B-4B9D-88F1-1B746070E1B2}.Release|x86.ActiveCfg = Release|x86
		{8B2A352B-A57B-4B9D-88F1-1B746070E1B2}.Release|x86.Build.0 = Release|x86
		{031B2844-B23E-4803-80E0-82591A086E41}.Debug|Any CPU.ActiveCfg = Debug|Any CPU
		{031B2844-B23E-4803-80E0-82591A086E41}.Debug|Any CPU.Build.0 = Debug|Any CPU
		{031B2844-B23E-4803-80E0-82591A086E41}.Debug|x86.ActiveCfg = Debug|x86
		{031B2844-B23E-4803-80E0-82591A086E41}.Debug|x86.Build.0 = Debug|x86
		{031B2844-B23E-4803-80E0-82591A086E41}.Release|Any CPU.ActiveCfg = Release|Any CPU
		{031B2844-B23E-4803-80E0-82591A086E41}.Release|Any CPU.Build.0 = Release|Any CPU
		{031B2844-B23E-4803-80E0-82591A086E41}.Release|x86.ActiveCfg = Release|x86
		{031B2844-B23E-4803-80E0-82591A086E41}.Release|x86.Build.0 = Release|x86
		{5607E474-0048-4E9F-B1D8-FEC492B6F35A}.Debug|Any CPU.ActiveCfg = Debug|Any CPU
		{5607E474-0048-4E9F-B1D8-FEC492B6F35A}.Debug|Any CPU.Build.0 = Debug|Any CPU
		{5607E474-0048-4E9F-B1D8-FEC492B6F35A}.Debug|x86.ActiveCfg = Debug|x86
		{5607E474-0048-4E9F-B1D8-FEC492B6F35A}.Debug|x86.Build.0 = Debug|x86
		{5607E474-0048-4E9F-B1D8-FEC492B6F35A}.Release|Any CPU.ActiveCfg = Release|Any CPU
		{5607E474-0048-4E9F-B1D8-FEC492B6F35A}.Release|Any CPU.Build.0 = Release|Any CPU
		{5607E474-0048-4E9F-B1D8-FEC492B6F35A}.Release|x86.ActiveCfg = Release|x86
		{5607E474-0048-4E9F-B1D8-FEC492B6F35A}.Release|x86.Build.0 = Release|x86
		{83E159CD-C362-4565-8633-E48B5DE3E7B1}.Debug|Any CPU.ActiveCfg = Debug|Any CPU
		{83E159CD-C362-4565-8633-E48B5DE3E7B1}.Debug|Any CPU.Build.0 = Debug|Any CPU
		{83E159CD-C362-4565-8633-E48B5DE3E7B1}.Debug|x86.ActiveCfg = Debug|x86
		{83E159CD-C362-4565-8633-E48B5DE3E7B1}.Debug|x86.Build.0 = Debug|x86
		{83E159CD-C362-4565-8633-E48B5DE3E7B1}.Release|Any CPU.ActiveCfg = Release|Any CPU
		{83E159CD-C362-4565-8633-E48B5DE3E7B1}.Release|Any CPU.Build.0 = Release|Any CPU
		{83E159CD-C362-4565-8633-E48B5DE3E7B1}.Release|x86.ActiveCfg = Release|Any CPU
		{83E159CD-C362-4565-8633-E48B5DE3E7B1}.Release|x86.Build.0 = Release|Any CPU
		{01B79915-F50D-4339-B355-0BB901BC0AEF}.Debug|Any CPU.ActiveCfg = Debug|Any CPU
		{01B79915-F50D-4339-B355-0BB901BC0AEF}.Debug|Any CPU.Build.0 = Debug|Any CPU
		{01B79915-F50D-4339-B355-0BB901BC0AEF}.Debug|x86.ActiveCfg = Debug|x86
		{01B79915-F50D-4339-B355-0BB901BC0AEF}.Debug|x86.Build.0 = Debug|x86
		{01B79915-F50D-4339-B355-0BB901BC0AEF}.Release|Any CPU.ActiveCfg = Release|Any CPU
		{01B79915-F50D-4339-B355-0BB901BC0AEF}.Release|Any CPU.Build.0 = Release|Any CPU
		{01B79915-F50D-4339-B355-0BB901BC0AEF}.Release|x86.ActiveCfg = Release|Any CPU
		{01B79915-F50D-4339-B355-0BB901BC0AEF}.Release|x86.Build.0 = Release|Any CPU
	EndGlobalSection
	GlobalSection(SolutionProperties) = preSolution
		HideSolutionNode = FALSE
	EndGlobalSection
	GlobalSection(NestedProjects) = preSolution
		{E0D63F3A-67FD-4917-889E-7BB043919B71} = {2D076637-F460-4139-B7F8-FBAF88435FC6}
		{8B2A352B-A57B-4B9D-88F1-1B746070E1B2} = {BD90BD0A-0FF8-4594-81DA-303F119AD4E9}
		{031B2844-B23E-4803-80E0-82591A086E41} = {BD90BD0A-0FF8-4594-81DA-303F119AD4E9}
		{5607E474-0048-4E9F-B1D8-FEC492B6F35A} = {EB4E4E7B-7321-49B8-A143-AACCF72C6A44}
		{83E159CD-C362-4565-8633-E48B5DE3E7B1} = {BD90BD0A-0FF8-4594-81DA-303F119AD4E9}
		{01B79915-F50D-4339-B355-0BB901BC0AEF} = {BD90BD0A-0FF8-4594-81DA-303F119AD4E9}
	EndGlobalSection
EndGlobal
